
Microsoft Visual Studio Solution File, Format Version 12.00
# Visual Studio 15
VisualStudioVersion = 15.0.28307.572
MinimumVisualStudioVersion = 10.0.40219.1
Project("{FAE04EC0-301F-11D3-BF4B-00C04F79EFBC}") = "OdeToFood", "OdeToFood\OdeToFood.csproj", "{5B6569D4-B2B0-4EA3-9741-8E45FFA42BD3}"
EndProject
Project("{FAE04EC0-301F-11D3-BF4B-00C04F79EFBC}") = "OdeToFood.Core", "OdeToFood.Core\OdeToFood.Core.csproj", "{D25AB4CB-2928-40E1-B46C-715D87670E88}"
EndProject
Project("{FAE04EC0-301F-11D3-BF4B-00C04F79EFBC}") = "OdeToFood.Data", "OdeToFood.Data\OdeToFood.Data.csproj", "{FA6A2A88-3D3F-4B85-8472-646CA16CD67C}"
EndProject
Global
	GlobalSection(SolutionConfigurationPlatforms) = preSolution
		Debug|Any CPU = Debug|Any CPU
		Release|Any CPU = Release|Any CPU
	EndGlobalSection
	GlobalSection(ProjectConfigurationPlatforms) = postSolution
		{5B6569D4-B2B0-4EA3-9741-8E45FFA42BD3}.Debug|Any CPU.ActiveCfg = Debug|Any CPU
		{5B6569D4-B2B0-4EA3-9741-8E45FFA42BD3}.Debug|Any CPU.Build.0 = Debug|Any CPU
		{5B6569D4-B2B0-4EA3-9741-8E45FFA42BD3}.Release|Any CPU.ActiveCfg = Release|Any CPU
		{5B6569D4-B2B0-4EA3-9741-8E45FFA42BD3}.Release|Any CPU.Build.0 = Release|Any CPU
		{D25AB4CB-2928-40E1-B46C-715D87670E88}.Debug|Any CPU.ActiveCfg = Debug|Any CPU
		{D25AB4CB-2928-40E1-B46C-715D87670E88}.Debug|Any CPU.Build.0 = Debug|Any CPU
		{D25AB4CB-2928-40E1-B46C-715D87670E88}.Release|Any CPU.ActiveCfg = Release|Any CPU
		{D25AB4CB-2928-40E1-B46C-715D87670E88}.Release|Any CPU.Build.0 = Release|Any CPU
		{FA6A2A88-3D3F-4B85-8472-646CA16CD67C}.Debug|Any CPU.ActiveCfg = Debug|Any CPU
		{FA6A2A88-3D3F-4B85-8472-646CA16CD67C}.Debug|Any CPU.Build.0 = Debug|Any CPU
		{FA6A2A88-3D3F-4B85-8472-646CA16CD67C}.Release|Any CPU.ActiveCfg = Release|Any CPU
		{FA6A2A88-3D3F-4B85-8472-646CA16CD67C}.Release|Any CPU.Build.0 = Release|Any CPU
	EndGlobalSection
	GlobalSection(SolutionProperties) = preSolution
		HideSolutionNode = FALSE
	EndGlobalSection
	GlobalSection(ExtensibilityGlobals) = postSolution
		SolutionGuid = {A800D773-DC63-4F4E-B1A2-CE8DA565BD2A}
	EndGlobalSection
EndGlobal
